<?xml version="1.0" encoding="utf-8"?>
<Project ToolsVersion="4.0" xmlns="http://schemas.microsoft.com/developer/msbuild/2003">
  <ItemGroup>
    <Filter Include="Source Files">
      <UniqueIdentifier>{4FC737F1-C7A5-4376-A066-2A32D752A2FF}</UniqueIdentifier>
      <Extensions>cpp;c;cc;cxx;def;odl;idl;hpj;bat;asm;asmx</Extensions>
    </Filter>
    <Filter Include="Header Files">
      <UniqueIdentifier>{93995380-89BD-4b04-88EB-625FBE52EBFB}</UniqueIdentifier>
      <Extensions>h;hh;hpp;hxx;hm;inl;inc;ipp;xsd</Extensions>
    </Filter>
    <Filter Include="Resource Files">
      <UniqueIdentifier>{67DA6AB6-F800-4c08-8B7A-83BB121AAD01}</UniqueIdentifier>
      <Extensions>rc;ico;cur;bmp;dlg;rc2;rct;bin;rgs;gif;jpg;jpeg;jpe;resx;tiff;tif;png;wav;mfcribbon-ms</Extensions>
    </Filter>
  </ItemGroup>
  <ItemGroup>
    <ClCompile Include="Source\pe\pe_parser.cpp">
      <Filter>Source Files</Filter>
    </ClCompile>
    <ClCompile Include="Source\pe\pe_generator.cpp">
      <Filter>Source Files</Filter>
    </ClCompile>
    <ClCompile Include="Source\util\zydis_helper.cpp">
      <Filter>Source Files</Filter>
    </ClCompile>
    <ClCompile Include="EagleVM.cpp">
      <Filter>Source Files</Filter>
    </ClCompile>
    <ClCompile Include="Source\pe\pe_sections\pe_code_section.cpp">
      <Filter>Source Files</Filter>
    </ClCompile>
    <ClCompile Include="Source\pe\pe_sections\pe_handler_section.cpp">
      <Filter>Source Files</Filter>
    </ClCompile>
    <ClCompile Include="Source\virtual_machine\vm_generator.cpp">
      <Filter>Source Files</Filter>
    </ClCompile>
    <ClCompile Include="Source\util\math.cpp">
      <Filter>Source Files</Filter>
    </ClCompile>
    <ClCompile Include="Source\virtual_machine\vm_handler_manager.cpp">
      <Filter>Source Files</Filter>
    </ClCompile>
    <ClCompile Include="Source\virtual_machine\vm_register_manager.cpp">
      <Filter>Source Files</Filter>
    </ClCompile>
    <ClCompile Include="Source\virtual_machine\vm_handle_generator.cpp">
      <Filter>Source Files</Filter>
    </ClCompile>
    <ClCompile Include="Source\util\util.cpp">
      <Filter>Source Files</Filter>
    </ClCompile>
    <ClCompile Include="Source\virtual_machine\vm_mba.cpp">
      <Filter>Source Files</Filter>
    </ClCompile>
    <ClCompile Include="Source\obfuscation\mba\mba.cpp">
      <Filter>Source Files</Filter>
    </ClCompile>
    <ClCompile Include="Source\obfuscation\mba\variable\mba_const.cpp">
      <Filter>Source Files</Filter>
    </ClCompile>
    <ClCompile Include="Source\obfuscation\mba\variable\mba_exp.cpp">
      <Filter>Source Files</Filter>
    </ClCompile>
    <ClCompile Include="Source\obfuscation\mba\variable\mba_var.cpp">
      <Filter>Source Files</Filter>
    </ClCompile>
    <ClCompile Include="Source\obfuscation\mba\variable\mba_xy.cpp">
      <Filter>Source Files</Filter>
    </ClCompile>
  </ItemGroup>
  <ItemGroup>
    <ClInclude Include="Headers\pe\pe_parser.h">
      <Filter>Header Files</Filter>
    </ClInclude>
    <ClInclude Include="Headers\pe\pe_generator.h">
      <Filter>Header Files</Filter>
    </ClInclude>
    <ClInclude Include="Headers\pe\pe_sections\pe_section.h">
      <Filter>Header Files</Filter>
    </ClInclude>
    <ClInclude Include="Headers\util\zydis_helper.h">
      <Filter>Header Files</Filter>
    </ClInclude>
    <ClInclude Include="Headers\pe\pe_sections\pe_code_section.h">
      <Filter>Header Files</Filter>
    </ClInclude>
    <ClInclude Include="Headers\pe\pe_sections\pe_handler_section.h">
      <Filter>Header Files</Filter>
    </ClInclude>
    <ClInclude Include="Headers\virtual_machine\vm_generator.h">
      <Filter>Header Files</Filter>
    </ClInclude>
    <ClInclude Include="Headers\util\math.h">
      <Filter>Header Files</Filter>
    </ClInclude>
    <ClInclude Include="Headers\virtual_machine\models\vm_defs.h">
      <Filter>Header Files</Filter>
    </ClInclude>
    <ClInclude Include="Headers\util\zydis_defs.h">
      <Filter>Header Files</Filter>
    </ClInclude>
    <ClInclude Include="Headers\virtual_machine\vm_handler_manager.h">
      <Filter>Header Files</Filter>
    </ClInclude>
    <ClInclude Include="Headers\virtual_machine\vm_register_manager.h">
      <Filter>Header Files</Filter>
    </ClInclude>
    <ClInclude Include="Headers\virtual_machine\vm_handle_generator.h">
      <Filter>Header Files</Filter>
    </ClInclude>
    <ClInclude Include="Headers\util\util.h">
      <Filter>Header Files</Filter>
    </ClInclude>
    <ClInclude Include="Headers\virtual_machine\models\vm_handler_entry.h">
      <Filter>Header Files</Filter>
    </ClInclude>
    <ClInclude Include="Headers\obfsucation\mba\mba.h">
      <Filter>Header Files</Filter>
    </ClInclude>
    <ClInclude Include="Headers\obfsucation\mba\variable\mba_var.h">
      <Filter>Header Files</Filter>
    </ClInclude>
    <ClInclude Include="Headers\obfsucation\mba\variable\mba_exp.h">
      <Filter>Header Files</Filter>
    </ClInclude>
    <ClInclude Include="Headers\obfsucation\mba\variable\mba_xy.h">
      <Filter>Header Files</Filter>
    </ClInclude>
    <ClInclude Include="Headers\obfsucation\mba\variable\mba_const.h">
      <Filter>Header Files</Filter>
    </ClInclude>
    <ClInclude Include="Headers\obfuscation\mba\variable\mba_const.h">
      <Filter>Header Files</Filter>
    </ClInclude>
    <ClInclude Include="Headers\obfuscation\mba\variable\mba_exp.h">
      <Filter>Header Files</Filter>
    </ClInclude>
    <ClInclude Include="Headers\obfuscation\mba\variable\mba_var.h">
      <Filter>Header Files</Filter>
    </ClInclude>
    <ClInclude Include="Headers\obfuscation\mba\variable\mba_xy.h">
      <Filter>Header Files</Filter>
    </ClInclude>
    <ClInclude Include="Headers\obfuscation\mba\mba.h">
      <Filter>Header Files</Filter>
    </ClInclude>
  </ItemGroup>
</Project>